
Microsoft Visual Studio Solution File, Format Version 12.00
# Visual Studio Version 17
VisualStudioVersion = 17.0.32014.148
MinimumVisualStudioVersion = 10.0.40219.1
Project("{FAE04EC0-301F-11D3-BF4B-00C04F79EFBC}") = "Guia2PED", "Guia2PED\Guia2PED.csproj", "{3886C5F2-E3C4-452E-A228-933095B4C677}"
EndProject
Global
	GlobalSection(SolutionConfigurationPlatforms) = preSolution
		Debug|Any CPU = Debug|Any CPU
		Release|Any CPU = Release|Any CPU
	EndGlobalSection
	GlobalSection(ProjectConfigurationPlatforms) = postSolution
		{3886C5F2-E3C4-452E-A228-933095B4C677}.Debug|Any CPU.ActiveCfg = Debug|Any CPU
		{3886C5F2-E3C4-452E-A228-933095B4C677}.Debug|Any CPU.Build.0 = Debug|Any CPU
		{3886C5F2-E3C4-452E-A228-933095B4C677}.Release|Any CPU.ActiveCfg = Release|Any CPU
		{3886C5F2-E3C4-452E-A228-933095B4C677}.Release|Any CPU.Build.0 = Release|Any CPU
	EndGlobalSection
	GlobalSection(SolutionProperties) = preSolution
		HideSolutionNode = FALSE
	EndGlobalSection
	GlobalSection(ExtensibilityGlobals) = postSolution
		SolutionGuid = {83A3943B-C311-4C50-A9E7-1D6A095517F2}
	EndGlobalSection
EndGlobal
